
Microsoft Visual Studio Solution File, Format Version 12.00
# Visual Studio Version 17
VisualStudioVersion = 17.0.32014.148
MinimumVisualStudioVersion = 10.0.40219.1
Project("{9A19103F-16F7-4668-BE54-9A1E7A4F7556}") = "MICROSERVICE.AZ.History", "MICROSERVICE.AZ.Movement\MICROSERVICE.AZ.History.csproj", "{2764A681-33B9-412D-B2A0-47255D65E2EA}"
EndProject
Project("{E53339B2-1760-4266-BCC7-CA923CBCF16C}") = "docker-compose", "docker-compose.dcproj", "{22EA5942-335B-4DA8-86F6-27364E50B322}"
EndProject
Global
	GlobalSection(SolutionConfigurationPlatforms) = preSolution
		Debug|Any CPU = Debug|Any CPU
		Release|Any CPU = Release|Any CPU
	EndGlobalSection
	GlobalSection(ProjectConfigurationPlatforms) = postSolution
		{2764A681-33B9-412D-B2A0-47255D65E2EA}.Debug|Any CPU.ActiveCfg = Debug|Any CPU
		{2764A681-33B9-412D-B2A0-47255D65E2EA}.Debug|Any CPU.Build.0 = Debug|Any CPU
		{2764A681-33B9-412D-B2A0-47255D65E2EA}.Release|Any CPU.ActiveCfg = Release|Any CPU
		{2764A681-33B9-412D-B2A0-47255D65E2EA}.Release|Any CPU.Build.0 = Release|Any CPU
		{22EA5942-335B-4DA8-86F6-27364E50B322}.Debug|Any CPU.ActiveCfg = Debug|Any CPU
		{22EA5942-335B-4DA8-86F6-27364E50B322}.Debug|Any CPU.Build.0 = Debug|Any CPU
		{22EA5942-335B-4DA8-86F6-27364E50B322}.Release|Any CPU.ActiveCfg = Release|Any CPU
		{22EA5942-335B-4DA8-86F6-27364E50B322}.Release|Any CPU.Build.0 = Release|Any CPU
	EndGlobalSection
	GlobalSection(SolutionProperties) = preSolution
		HideSolutionNode = FALSE
	EndGlobalSection
	GlobalSection(ExtensibilityGlobals) = postSolution
		SolutionGuid = {F9F5403B-D7EA-46AF-A212-1F2CADF61EDE}
	EndGlobalSection
EndGlobal
