
Microsoft Visual Studio Solution File, Format Version 12.00
# Visual Studio Version 17
VisualStudioVersion = 17.0.32014.148
MinimumVisualStudioVersion = 10.0.40219.1
Project("{9A19103F-16F7-4668-BE54-9A1E7A4F7556}") = "MICROSERVICE.AZ.Transaction", "MICROSERVICE.AZ.Transaction\MICROSERVICE.AZ.Transaction.csproj", "{4F8A5C0C-A4F9-4294-B47C-970D66297C9C}"
EndProject
Global
	GlobalSection(SolutionConfigurationPlatforms) = preSolution
		Debug|Any CPU = Debug|Any CPU
		Release|Any CPU = Release|Any CPU
	EndGlobalSection
	GlobalSection(ProjectConfigurationPlatforms) = postSolution
		{4F8A5C0C-A4F9-4294-B47C-970D66297C9C}.Debug|Any CPU.ActiveCfg = Debug|Any CPU
		{4F8A5C0C-A4F9-4294-B47C-970D66297C9C}.Debug|Any CPU.Build.0 = Debug|Any CPU
		{4F8A5C0C-A4F9-4294-B47C-970D66297C9C}.Release|Any CPU.ActiveCfg = Release|Any CPU
		{4F8A5C0C-A4F9-4294-B47C-970D66297C9C}.Release|Any CPU.Build.0 = Release|Any CPU
	EndGlobalSection
	GlobalSection(SolutionProperties) = preSolution
		HideSolutionNode = FALSE
	EndGlobalSection
	GlobalSection(ExtensibilityGlobals) = postSolution
		SolutionGuid = {E9670AB6-03F1-4ACB-B078-064A8EFAD86E}
	EndGlobalSection
EndGlobal
